// !$*UTF8*$!
{
	archiveVersion = 1;
	classes = {
	};
	objectVersion = 55;
	objects = {

/* Begin PBXBuildFile section */
		2FE394F1290347A40078ADF3 /* InstagramApp.swift in Sources */ = {isa = PBXBuildFile; fileRef = 2FE394F0290347A40078ADF3 /* InstagramApp.swift */; };
		2FE394F3290347A40078ADF3 /* ContentView.swift in Sources */ = {isa = PBXBuildFile; fileRef = 2FE394F2290347A40078ADF3 /* ContentView.swift */; };
		2FE394F5290347A60078ADF3 /* Assets.xcassets in Resources */ = {isa = PBXBuildFile; fileRef = 2FE394F4290347A60078ADF3 /* Assets.xcassets */; };
		2FE394F8290347A60078ADF3 /* Preview Assets.xcassets in Resources */ = {isa = PBXBuildFile; fileRef = 2FE394F7290347A60078ADF3 /* Preview Assets.xcassets */; };
		2FE39502290347D70078ADF3 /* Constants.swift in Sources */ = {isa = PBXBuildFile; fileRef = 2FE394FF290347D70078ADF3 /* Constants.swift */; };
		2FE39503290347D70078ADF3 /* HttpClient.swift in Sources */ = {isa = PBXBuildFile; fileRef = 2FE39500290347D70078ADF3 /* HttpClient.swift */; };
		2FE39504290347D70078ADF3 /* SheetType.swift in Sources */ = {isa = PBXBuildFile; fileRef = 2FE39501290347D70078ADF3 /* SheetType.swift */; };
		2FE3950B290357240078ADF3 /* NavigationBar.swift in Sources */ = {isa = PBXBuildFile; fileRef = 2FE3950A290357240078ADF3 /* NavigationBar.swift */; };
		2FE39510290359970078ADF3 /* Font.swift in Sources */ = {isa = PBXBuildFile; fileRef = 2FE3950F290359970078ADF3 /* Font.swift */; };
		2FE3951229035B7C0078ADF3 /* OleoScript-Regular.ttf in Resources */ = {isa = PBXBuildFile; fileRef = 2FE3950E290359590078ADF3 /* OleoScript-Regular.ttf */; };
		2FE3951529035EBC0078ADF3 /* NewsView.swift in Sources */ = {isa = PBXBuildFile; fileRef = 2FE3951429035EBC0078ADF3 /* NewsView.swift */; };
		2FE39517290361B70078ADF3 /* User.swift in Sources */ = {isa = PBXBuildFile; fileRef = 2FE39516290361B70078ADF3 /* User.swift */; };
		2FE39519290364D90078ADF3 /* StoryView.swift in Sources */ = {isa = PBXBuildFile; fileRef = 2FE39518290364D90078ADF3 /* StoryView.swift */; };
		2FE3951B29036ABD0078ADF3 /* PostView.swift in Sources */ = {isa = PBXBuildFile; fileRef = 2FE3951A29036ABD0078ADF3 /* PostView.swift */; };
		2FE3951D290387BD0078ADF3 /* DoneButton.swift in Sources */ = {isa = PBXBuildFile; fileRef = 2FE3951C290387BD0078ADF3 /* DoneButton.swift */; };
		2FE3951F290388C90078ADF3 /* Post.swift in Sources */ = {isa = PBXBuildFile; fileRef = 2FE3951E290388C90078ADF3 /* Post.swift */; };
		2FE39521290389240078ADF3 /* Comment.swift in Sources */ = {isa = PBXBuildFile; fileRef = 2FE39520290389240078ADF3 /* Comment.swift */; };
		2FE395232903895E0078ADF3 /* News.swift in Sources */ = {isa = PBXBuildFile; fileRef = 2FE395222903895E0078ADF3 /* News.swift */; };
		2FE3952629038A910078ADF3 /* MockUpData.swift in Sources */ = {isa = PBXBuildFile; fileRef = 2FE3952529038A910078ADF3 /* MockUpData.swift */; };
		2FE39529290391EC0078ADF3 /* NewsViewModel.swift in Sources */ = {isa = PBXBuildFile; fileRef = 2FE39528290391EC0078ADF3 /* NewsViewModel.swift */; };
/* End PBXBuildFile section */

/* Begin PBXFileReference section */
		2FE394ED290347A40078ADF3 /* Instagram.app */ = {isa = PBXFileReference; explicitFileType = wrapper.application; includeInIndex = 0; path = Instagram.app; sourceTree = BUILT_PRODUCTS_DIR; };
		2FE394F0290347A40078ADF3 /* InstagramApp.swift */ = {isa = PBXFileReference; lastKnownFileType = sourcecode.swift; path = InstagramApp.swift; sourceTree = "<group>"; };
		2FE394F2290347A40078ADF3 /* ContentView.swift */ = {isa = PBXFileReference; lastKnownFileType = sourcecode.swift; path = ContentView.swift; sourceTree = "<group>"; };
		2FE394F4290347A60078ADF3 /* Assets.xcassets */ = {isa = PBXFileReference; lastKnownFileType = folder.assetcatalog; path = Assets.xcassets; sourceTree = "<group>"; };
		2FE394F7290347A60078ADF3 /* Preview Assets.xcassets */ = {isa = PBXFileReference; lastKnownFileType = folder.assetcatalog; path = "Preview Assets.xcassets"; sourceTree = "<group>"; };
		2FE394FF290347D70078ADF3 /* Constants.swift */ = {isa = PBXFileReference; fileEncoding = 4; lastKnownFileType = sourcecode.swift; path = Constants.swift; sourceTree = "<group>"; };
		2FE39500290347D70078ADF3 /* HttpClient.swift */ = {isa = PBXFileReference; fileEncoding = 4; lastKnownFileType = sourcecode.swift; path = HttpClient.swift; sourceTree = "<group>"; };
		2FE39501290347D70078ADF3 /* SheetType.swift */ = {isa = PBXFileReference; fileEncoding = 4; lastKnownFileType = sourcecode.swift; path = SheetType.swift; sourceTree = "<group>"; };
		2FE3950A290357240078ADF3 /* NavigationBar.swift */ = {isa = PBXFileReference; lastKnownFileType = sourcecode.swift; path = NavigationBar.swift; sourceTree = "<group>"; };
		2FE3950D290359590078ADF3 /* OleoScript-Bold.ttf */ = {isa = PBXFileReference; lastKnownFileType = file; path = "OleoScript-Bold.ttf"; sourceTree = "<group>"; };
		2FE3950E290359590078ADF3 /* OleoScript-Regular.ttf */ = {isa = PBXFileReference; lastKnownFileType = file; path = "OleoScript-Regular.ttf"; sourceTree = "<group>"; };
		2FE3950F290359970078ADF3 /* Font.swift */ = {isa = PBXFileReference; lastKnownFileType = sourcecode.swift; path = Font.swift; sourceTree = "<group>"; };
		2FE3951129035AE20078ADF3 /* Info.plist */ = {isa = PBXFileReference; lastKnownFileType = text.plist; path = Info.plist; sourceTree = "<group>"; };
		2FE3951429035EBC0078ADF3 /* NewsView.swift */ = {isa = PBXFileReference; lastKnownFileType = sourcecode.swift; path = NewsView.swift; sourceTree = "<group>"; };
		2FE39516290361B70078ADF3 /* User.swift */ = {isa = PBXFileReference; lastKnownFileType = sourcecode.swift; path = User.swift; sourceTree = "<group>"; };
		2FE39518290364D90078ADF3 /* StoryView.swift */ = {isa = PBXFileReference; lastKnownFileType = sourcecode.swift; path = StoryView.swift; sourceTree = "<group>"; };
		2FE3951A29036ABD0078ADF3 /* PostView.swift */ = {isa = PBXFileReference; lastKnownFileType = sourcecode.swift; path = PostView.swift; sourceTree = "<group>"; };
		2FE3951C290387BD0078ADF3 /* DoneButton.swift */ = {isa = PBXFileReference; lastKnownFileType = sourcecode.swift; path = DoneButton.swift; sourceTree = "<group>"; };
		2FE3951E290388C90078ADF3 /* Post.swift */ = {isa = PBXFileReference; lastKnownFileType = sourcecode.swift; path = Post.swift; sourceTree = "<group>"; };
		2FE39520290389240078ADF3 /* Comment.swift */ = {isa = PBXFileReference; lastKnownFileType = sourcecode.swift; path = Comment.swift; sourceTree = "<group>"; };
		2FE395222903895E0078ADF3 /* News.swift */ = {isa = PBXFileReference; lastKnownFileType = sourcecode.swift; path = News.swift; sourceTree = "<group>"; };
		2FE3952529038A910078ADF3 /* MockUpData.swift */ = {isa = PBXFileReference; lastKnownFileType = sourcecode.swift; path = MockUpData.swift; sourceTree = "<group>"; };
		2FE39528290391EC0078ADF3 /* NewsViewModel.swift */ = {isa = PBXFileReference; lastKnownFileType = sourcecode.swift; path = NewsViewModel.swift; sourceTree = "<group>"; };
/* End PBXFileReference section */

/* Begin PBXFrameworksBuildPhase section */
		2FE394EA290347A40078ADF3 /* Frameworks */ = {
			isa = PBXFrameworksBuildPhase;
			buildActionMask = 2147483647;
			files = (
			);
			runOnlyForDeploymentPostprocessing = 0;
		};
/* End PBXFrameworksBuildPhase section */

/* Begin PBXGroup section */
		2FE394E4290347A40078ADF3 = {
			isa = PBXGroup;
			children = (
				2FE394EF290347A40078ADF3 /* Instagram */,
				2FE394EE290347A40078ADF3 /* Products */,
			);
			sourceTree = "<group>";
		};
		2FE394EE290347A40078ADF3 /* Products */ = {
			isa = PBXGroup;
			children = (
				2FE394ED290347A40078ADF3 /* Instagram.app */,
			);
			name = Products;
			sourceTree = "<group>";
		};
		2FE394EF290347A40078ADF3 /* Instagram */ = {
			isa = PBXGroup;
			children = (
				2FE3951129035AE20078ADF3 /* Info.plist */,
				2FE395082903482D0078ADF3 /* Lifecycle */,
				2FE395062903481F0078ADF3 /* Model */,
				2FE395052903481B0078ADF3 /* View */,
				2FE39507290348240078ADF3 /* ViewModel */,
				2FE39509290356FA0078ADF3 /* Component */,
				2FE3952429038A730078ADF3 /* Preview */,
				2FE394FE290347D70078ADF3 /* Utilities */,
				2FE3950C2903594D0078ADF3 /* Font */,
				2FE394F4290347A60078ADF3 /* Assets.xcassets */,
				2FE394F6290347A60078ADF3 /* Preview Content */,
			);
			path = Instagram;
			sourceTree = "<group>";
		};
		2FE394F6290347A60078ADF3 /* Preview Content */ = {
			isa = PBXGroup;
			children = (
				2FE394F7290347A60078ADF3 /* Preview Assets.xcassets */,
			);
			path = "Preview Content";
			sourceTree = "<group>";
		};
		2FE394FE290347D70078ADF3 /* Utilities */ = {
			isa = PBXGroup;
			children = (
				2FE394FF290347D70078ADF3 /* Constants.swift */,
				2FE39500290347D70078ADF3 /* HttpClient.swift */,
				2FE39501290347D70078ADF3 /* SheetType.swift */,
			);
			path = Utilities;
			sourceTree = "<group>";
		};
		2FE395052903481B0078ADF3 /* View */ = {
			isa = PBXGroup;
			children = (
				2FE394F2290347A40078ADF3 /* ContentView.swift */,
				2FE3951329035EAF0078ADF3 /* Home */,
			);
			path = View;
			sourceTree = "<group>";
		};
		2FE395062903481F0078ADF3 /* Model */ = {
			isa = PBXGroup;
			children = (
				2FE39516290361B70078ADF3 /* User.swift */,
				2FE3951E290388C90078ADF3 /* Post.swift */,
				2FE39520290389240078ADF3 /* Comment.swift */,
				2FE395222903895E0078ADF3 /* News.swift */,
			);
			path = Model;
			sourceTree = "<group>";
		};
		2FE39507290348240078ADF3 /* ViewModel */ = {
			isa = PBXGroup;
			children = (
				2FE39527290391DD0078ADF3 /* NewsViewModel */,
			);
			path = ViewModel;
			sourceTree = "<group>";
		};
		2FE395082903482D0078ADF3 /* Lifecycle */ = {
			isa = PBXGroup;
			children = (
				2FE394F0290347A40078ADF3 /* InstagramApp.swift */,
			);
			path = Lifecycle;
			sourceTree = "<group>";
		};
		2FE39509290356FA0078ADF3 /* Component */ = {
			isa = PBXGroup;
			children = (
				2FE3950A290357240078ADF3 /* NavigationBar.swift */,
				2FE3951C290387BD0078ADF3 /* DoneButton.swift */,
			);
			path = Component;
			sourceTree = "<group>";
		};
		2FE3950C2903594D0078ADF3 /* Font */ = {
			isa = PBXGroup;
			children = (
				2FE3950D290359590078ADF3 /* OleoScript-Bold.ttf */,
				2FE3950E290359590078ADF3 /* OleoScript-Regular.ttf */,
				2FE3950F290359970078ADF3 /* Font.swift */,
			);
			path = Font;
			sourceTree = "<group>";
		};
		2FE3951329035EAF0078ADF3 /* Home */ = {
			isa = PBXGroup;
			children = (
				2FE3951429035EBC0078ADF3 /* NewsView.swift */,
				2FE39518290364D90078ADF3 /* StoryView.swift */,
				2FE3951A29036ABD0078ADF3 /* PostView.swift */,
			);
			path = Home;
			sourceTree = "<group>";
		};
		2FE3952429038A730078ADF3 /* Preview */ = {
			isa = PBXGroup;
			children = (
				2FE3952529038A910078ADF3 /* MockUpData.swift */,
			);
			path = Preview;
			sourceTree = "<group>";
		};
		2FE39527290391DD0078ADF3 /* NewsViewModel */ = {
			isa = PBXGroup;
			children = (
				2FE39528290391EC0078ADF3 /* NewsViewModel.swift */,
			);
			path = NewsViewModel;
			sourceTree = "<group>";
		};
/* End PBXGroup section */

/* Begin PBXNativeTarget section */
		2FE394EC290347A40078ADF3 /* Instagram */ = {
			isa = PBXNativeTarget;
			buildConfigurationList = 2FE394FB290347A60078ADF3 /* Build configuration list for PBXNativeTarget "Instagram" */;
			buildPhases = (
				2FE394E9290347A40078ADF3 /* Sources */,
				2FE394EA290347A40078ADF3 /* Frameworks */,
				2FE394EB290347A40078ADF3 /* Resources */,
			);
			buildRules = (
			);
			dependencies = (
			);
			name = Instagram;
			productName = Instagram;
			productReference = 2FE394ED290347A40078ADF3 /* Instagram.app */;
			productType = "com.apple.product-type.application";
		};
/* End PBXNativeTarget section */

/* Begin PBXProject section */
		2FE394E5290347A40078ADF3 /* Project object */ = {
			isa = PBXProject;
			attributes = {
				BuildIndependentTargetsInParallel = 1;
				LastSwiftUpdateCheck = 1340;
				LastUpgradeCheck = 1340;
				TargetAttributes = {
					2FE394EC290347A40078ADF3 = {
						CreatedOnToolsVersion = 13.4.1;
					};
				};
			};
			buildConfigurationList = 2FE394E8290347A40078ADF3 /* Build configuration list for PBXProject "Instagram" */;
			compatibilityVersion = "Xcode 13.0";
			developmentRegion = en;
			hasScannedForEncodings = 0;
			knownRegions = (
				en,
				Base,
			);
			mainGroup = 2FE394E4290347A40078ADF3;
			productRefGroup = 2FE394EE290347A40078ADF3 /* Products */;
			projectDirPath = "";
			projectRoot = "";
			targets = (
				2FE394EC290347A40078ADF3 /* Instagram */,
			);
		};
/* End PBXProject section */

/* Begin PBXResourcesBuildPhase section */
		2FE394EB290347A40078ADF3 /* Resources */ = {
			isa = PBXResourcesBuildPhase;
			buildActionMask = 2147483647;
			files = (
				2FE394F8290347A60078ADF3 /* Preview Assets.xcassets in Resources */,
				2FE394F5290347A60078ADF3 /* Assets.xcassets in Resources */,
				2FE3951229035B7C0078ADF3 /* OleoScript-Regular.ttf in Resources */,
			);
			runOnlyForDeploymentPostprocessing = 0;
		};
/* End PBXResourcesBuildPhase section */

/* Begin PBXSourcesBuildPhase section */
		2FE394E9290347A40078ADF3 /* Sources */ = {
			isa = PBXSourcesBuildPhase;
			buildActionMask = 2147483647;
			files = (
				2FE39519290364D90078ADF3 /* StoryView.swift in Sources */,
				2FE394F3290347A40078ADF3 /* ContentView.swift in Sources */,
				2FE3951529035EBC0078ADF3 /* NewsView.swift in Sources */,
				2FE395232903895E0078ADF3 /* News.swift in Sources */,
				2FE3952629038A910078ADF3 /* MockUpData.swift in Sources */,
				2FE39521290389240078ADF3 /* Comment.swift in Sources */,
				2FE394F1290347A40078ADF3 /* InstagramApp.swift in Sources */,
				2FE3951F290388C90078ADF3 /* Post.swift in Sources */,
				2FE39510290359970078ADF3 /* Font.swift in Sources */,
				2FE39529290391EC0078ADF3 /* NewsViewModel.swift in Sources */,
				2FE3951D290387BD0078ADF3 /* DoneButton.swift in Sources */,
				2FE39503290347D70078ADF3 /* HttpClient.swift in Sources */,
				2FE39504290347D70078ADF3 /* SheetType.swift in Sources */,
				2FE39517290361B70078ADF3 /* User.swift in Sources */,
				2FE39502290347D70078ADF3 /* Constants.swift in Sources */,
				2FE3950B290357240078ADF3 /* NavigationBar.swift in Sources */,
				2FE3951B29036ABD0078ADF3 /* PostView.swift in Sources */,
			);
			runOnlyForDeploymentPostprocessing = 0;
		};
/* End PBXSourcesBuildPhase section */

/* Begin XCBuildConfiguration section */
		2FE394F9290347A60078ADF3 /* Debug */ = {
			isa = XCBuildConfiguration;
			buildSettings = {
				ALWAYS_SEARCH_USER_PATHS = NO;
				CLANG_ANALYZER_NONNULL = YES;
				CLANG_ANALYZER_NUMBER_OBJECT_CONVERSION = YES_AGGRESSIVE;
				CLANG_CXX_LANGUAGE_STANDARD = "gnu++17";
				CLANG_ENABLE_MODULES = YES;
				CLANG_ENABLE_OBJC_ARC = YES;
				CLANG_ENABLE_OBJC_WEAK = YES;
				CLANG_WARN_BLOCK_CAPTURE_AUTORELEASING = YES;
				CLANG_WARN_BOOL_CONVERSION = YES;
				CLANG_WARN_COMMA = YES;
				CLANG_WARN_CONSTANT_CONVERSION = YES;
				CLANG_WARN_DEPRECATED_OBJC_IMPLEMENTATIONS = YES;
				CLANG_WARN_DIRECT_OBJC_ISA_USAGE = YES_ERROR;
				CLANG_WARN_DOCUMENTATION_COMMENTS = YES;
				CLANG_WARN_EMPTY_BODY = YES;
				CLANG_WARN_ENUM_CONVERSION = YES;
				CLANG_WARN_INFINITE_RECURSION = YES;
				CLANG_WARN_INT_CONVERSION = YES;
				CLANG_WARN_NON_LITERAL_NULL_CONVERSION = YES;
				CLANG_WARN_OBJC_IMPLICIT_RETAIN_SELF = YES;
				CLANG_WARN_OBJC_LITERAL_CONVERSION = YES;
				CLANG_WARN_OBJC_ROOT_CLASS = YES_ERROR;
				CLANG_WARN_QUOTED_INCLUDE_IN_FRAMEWORK_HEADER = YES;
				CLANG_WARN_RANGE_LOOP_ANALYSIS = YES;
				CLANG_WARN_STRICT_PROTOTYPES = YES;
				CLANG_WARN_SUSPICIOUS_MOVE = YES;
				CLANG_WARN_UNGUARDED_AVAILABILITY = YES_AGGRESSIVE;
				CLANG_WARN_UNREACHABLE_CODE = YES;
				CLANG_WARN__DUPLICATE_METHOD_MATCH = YES;
				COPY_PHASE_STRIP = NO;
				DEBUG_INFORMATION_FORMAT = dwarf;
				ENABLE_STRICT_OBJC_MSGSEND = YES;
				ENABLE_TESTABILITY = YES;
				GCC_C_LANGUAGE_STANDARD = gnu11;
				GCC_DYNAMIC_NO_PIC = NO;
				GCC_NO_COMMON_BLOCKS = YES;
				GCC_OPTIMIZATION_LEVEL = 0;
				GCC_PREPROCESSOR_DEFINITIONS = (
					"DEBUG=1",
					"$(inherited)",
				);
				GCC_WARN_64_TO_32_BIT_CONVERSION = YES;
				GCC_WARN_ABOUT_RETURN_TYPE = YES_ERROR;
				GCC_WARN_UNDECLARED_SELECTOR = YES;
				GCC_WARN_UNINITIALIZED_AUTOS = YES_AGGRESSIVE;
				GCC_WARN_UNUSED_FUNCTION = YES;
				GCC_WARN_UNUSED_VARIABLE = YES;
				IPHONEOS_DEPLOYMENT_TARGET = 15.0;
				MTL_ENABLE_DEBUG_INFO = INCLUDE_SOURCE;
				MTL_FAST_MATH = YES;
				ONLY_ACTIVE_ARCH = YES;
				SDKROOT = iphoneos;
				SWIFT_ACTIVE_COMPILATION_CONDITIONS = DEBUG;
				SWIFT_OPTIMIZATION_LEVEL = "-Onone";
			};
			name = Debug;
		};
		2FE394FA290347A60078ADF3 /* Release */ = {
			isa = XCBuildConfiguration;
			buildSettings = {
				ALWAYS_SEARCH_USER_PATHS = NO;
				CLANG_ANALYZER_NONNULL = YES;
				CLANG_ANALYZER_NUMBER_OBJECT_CONVERSION = YES_AGGRESSIVE;
				CLANG_CXX_LANGUAGE_STANDARD = "gnu++17";
				CLANG_ENABLE_MODULES = YES;
				CLANG_ENABLE_OBJC_ARC = YES;
				CLANG_ENABLE_OBJC_WEAK = YES;
				CLANG_WARN_BLOCK_CAPTURE_AUTORELEASING = YES;
				CLANG_WARN_BOOL_CONVERSION = YES;
				CLANG_WARN_COMMA = YES;
				CLANG_WARN_CONSTANT_CONVERSION = YES;
				CLANG_WARN_DEPRECATED_OBJC_IMPLEMENTATIONS = YES;
				CLANG_WARN_DIRECT_OBJC_ISA_USAGE = YES_ERROR;
				CLANG_WARN_DOCUMENTATION_COMMENTS = YES;
				CLANG_WARN_EMPTY_BODY = YES;
				CLANG_WARN_ENUM_CONVERSION = YES;
				CLANG_WARN_INFINITE_RECURSION = YES;
				CLANG_WARN_INT_CONVERSION = YES;
				CLANG_WARN_NON_LITERAL_NULL_CONVERSION = YES;
				CLANG_WARN_OBJC_IMPLICIT_RETAIN_SELF = YES;
				CLANG_WARN_OBJC_LITERAL_CONVERSION = YES;
				CLANG_WARN_OBJC_ROOT_CLASS = YES_ERROR;
				CLANG_WARN_QUOTED_INCLUDE_IN_FRAMEWORK_HEADER = YES;
				CLANG_WARN_RANGE_LOOP_ANALYSIS = YES;
				CLANG_WARN_STRICT_PROTOTYPES = YES;
				CLANG_WARN_SUSPICIOUS_MOVE = YES;
				CLANG_WARN_UNGUARDED_AVAILABILITY = YES_AGGRESSIVE;
				CLANG_WARN_UNREACHABLE_CODE = YES;
				CLANG_WARN__DUPLICATE_METHOD_MATCH = YES;
				COPY_PHASE_STRIP = NO;
				DEBUG_INFORMATION_FORMAT = "dwarf-with-dsym";
				ENABLE_NS_ASSERTIONS = NO;
				ENABLE_STRICT_OBJC_MSGSEND = YES;
				GCC_C_LANGUAGE_STANDARD = gnu11;
				GCC_NO_COMMON_BLOCKS = YES;
				GCC_WARN_64_TO_32_BIT_CONVERSION = YES;
				GCC_WARN_ABOUT_RETURN_TYPE = YES_ERROR;
				GCC_WARN_UNDECLARED_SELECTOR = YES;
				GCC_WARN_UNINITIALIZED_AUTOS = YES_AGGRESSIVE;
				GCC_WARN_UNUSED_FUNCTION = YES;
				GCC_WARN_UNUSED_VARIABLE = YES;
				IPHONEOS_DEPLOYMENT_TARGET = 15.0;
				MTL_ENABLE_DEBUG_INFO = NO;
				MTL_FAST_MATH = YES;
				SDKROOT = iphoneos;
				SWIFT_COMPILATION_MODE = wholemodule;
				SWIFT_OPTIMIZATION_LEVEL = "-O";
				VALIDATE_PRODUCT = YES;
			};
			name = Release;
		};
		2FE394FC290347A60078ADF3 /* Debug */ = {
			isa = XCBuildConfiguration;
			buildSettings = {
				ASSETCATALOG_COMPILER_APPICON_NAME = AppIcon;
				ASSETCATALOG_COMPILER_GLOBAL_ACCENT_COLOR_NAME = AccentColor;
				CODE_SIGN_STYLE = Automatic;
				CURRENT_PROJECT_VERSION = 1;
				DEVELOPMENT_ASSET_PATHS = "\"Instagram/Preview Content\"";
				DEVELOPMENT_TEAM = 46U3CJ7CE5;
				ENABLE_PREVIEWS = YES;
				GENERATE_INFOPLIST_FILE = YES;
				INFOPLIST_FILE = Instagram/Info.plist;
				INFOPLIST_KEY_UIApplicationSceneManifest_Generation = YES;
				INFOPLIST_KEY_UIApplicationSupportsIndirectInputEvents = YES;
				INFOPLIST_KEY_UILaunchScreen_Generation = YES;
				INFOPLIST_KEY_UISupportedInterfaceOrientations_iPad = "UIInterfaceOrientationPortrait UIInterfaceOrientationPortraitUpsideDown UIInterfaceOrientationLandscapeLeft UIInterfaceOrientationLandscapeRight";
				INFOPLIST_KEY_UISupportedInterfaceOrientations_iPhone = "UIInterfaceOrientationPortrait UIInterfaceOrientationLandscapeLeft UIInterfaceOrientationLandscapeRight";
				IPHONEOS_DEPLOYMENT_TARGET = 15.0;
				LD_RUNPATH_SEARCH_PATHS = (
					"$(inherited)",
					"@executable_path/Frameworks",
				);
				MARKETING_VERSION = 1.0;
				PRODUCT_BUNDLE_IDENTIFIER = Kr1s.Instagram;
				PRODUCT_NAME = "$(TARGET_NAME)";
				SWIFT_EMIT_LOC_STRINGS = YES;
				SWIFT_VERSION = 5.0;
				TARGETED_DEVICE_FAMILY = "1,2";
			};
			name = Debug;
		};
		2FE394FD290347A60078ADF3 /* Release */ = {
			isa = XCBuildConfiguration;
			buildSettings = {
				ASSETCATALOG_COMPILER_APPICON_NAME = AppIcon;
				ASSETCATALOG_COMPILER_GLOBAL_ACCENT_COLOR_NAME = AccentColor;
				CODE_SIGN_STYLE = Automatic;
				CURRENT_PROJECT_VERSION = 1;
				DEVELOPMENT_ASSET_PATHS = "\"Instagram/Preview Content\"";
				DEVELOPMENT_TEAM = 46U3CJ7CE5;
				ENABLE_PREVIEWS = YES;
				GENERATE_INFOPLIST_FILE = YES;
				INFOPLIST_FILE = Instagram/Info.plist;
				INFOPLIST_KEY_UIApplicationSceneManifest_Generation = YES;
				INFOPLIST_KEY_UIApplicationSupportsIndirectInputEvents = YES;
				INFOPLIST_KEY_UILaunchScreen_Generation = YES;
				INFOPLIST_KEY_UISupportedInterfaceOrientations_iPad = "UIInterfaceOrientationPortrait UIInterfaceOrientationPortraitUpsideDown UIInterfaceOrientationLandscapeLeft UIInterfaceOrientationLandscapeRight";
				INFOPLIST_KEY_UISupportedInterfaceOrientations_iPhone = "UIInterfaceOrientationPortrait UIInterfaceOrientationLandscapeLeft UIInterfaceOrientationLandscapeRight";
				IPHONEOS_DEPLOYMENT_TARGET = 15.0;
				LD_RUNPATH_SEARCH_PATHS = (
					"$(inherited)",
					"@executable_path/Frameworks",
				);
				MARKETING_VERSION = 1.0;
				PRODUCT_BUNDLE_IDENTIFIER = Kr1s.Instagram;
				PRODUCT_NAME = "$(TARGET_NAME)";
				SWIFT_EMIT_LOC_STRINGS = YES;
				SWIFT_VERSION = 5.0;
				TARGETED_DEVICE_FAMILY = "1,2";
			};
			name = Release;
		};
/* End XCBuildConfiguration section */

/* Begin XCConfigurationList section */
		2FE394E8290347A40078ADF3 /* Build configuration list for PBXProject "Instagram" */ = {
			isa = XCConfigurationList;
			buildConfigurations = (
				2FE394F9290347A60078ADF3 /* Debug */,
				2FE394FA290347A60078ADF3 /* Release */,
			);
			defaultConfigurationIsVisible = 0;
			defaultConfigurationName = Release;
		};
		2FE394FB290347A60078ADF3 /* Build configuration list for PBXNativeTarget "Instagram" */ = {
			isa = XCConfigurationList;
			buildConfigurations = (
				2FE394FC290347A60078ADF3 /* Debug */,
				2FE394FD290347A60078ADF3 /* Release */,
			);
			defaultConfigurationIsVisible = 0;
			defaultConfigurationName = Release;
		};
/* End XCConfigurationList section */
	};
	rootObject = 2FE394E5290347A40078ADF3 /* Project object */;
}
